{
  "requires": true,
  "lockfileVersion": 1,
  "dependencies": {
    "china-map-geojson": {
      "version": "1.0.4",
      "resolved": "https://registry.npmjs.org/china-map-geojson/-/china-map-geojson-1.0.4.tgz",
      "integrity": "sha512-IigvY0rqFpPLHLZ47C5zJLUSSZf60bY6bHrhyoxVkyZ1ARYOxO2RbrTXVB1ChW2fwQrTAeWE2tZVTo7RWV3KwQ=="
    }
  }
}
